// !$*UTF8*$!
{
	archiveVersion = 1;
	classes = {
	};
	objectVersion = 46;
	objects = {

/* Begin PBXBuildFile section */
		52F96CFB1C4E062A0073D354 /* AppDelegate.swift in Sources */ = {isa = PBXBuildFile; fileRef = 52F96CFA1C4E062A0073D354 /* AppDelegate.swift */; };
		52F96CFD1C4E062A0073D354 /* ViewController.swift in Sources */ = {isa = PBXBuildFile; fileRef = 52F96CFC1C4E062A0073D354 /* ViewController.swift */; };
		52F96D001C4E062A0073D354 /* Main.storyboard in Resources */ = {isa = PBXBuildFile; fileRef = 52F96CFE1C4E062A0073D354 /* Main.storyboard */; };
		52F96D021C4E062A0073D354 /* Assets.xcassets in Resources */ = {isa = PBXBuildFile; fileRef = 52F96D011C4E062A0073D354 /* Assets.xcassets */; };
		52F96D051C4E062A0073D354 /* LaunchScreen.storyboard in Resources */ = {isa = PBXBuildFile; fileRef = 52F96D031C4E062A0073D354 /* LaunchScreen.storyboard */; };
		52F96D101C4E062A0073D354 /* hw02Tests.swift in Sources */ = {isa = PBXBuildFile; fileRef = 52F96D0F1C4E062A0073D354 /* hw02Tests.swift */; };
		52F96D1B1C508D9C0073D354 /* FileDownloader.swift in Sources */ = {isa = PBXBuildFile; fileRef = 52F96D1A1C508D9C0073D354 /* FileDownloader.swift */; };
		52F96D1D1C5525C50073D354 /* Hw02FileParser.swift in Sources */ = {isa = PBXBuildFile; fileRef = 52F96D1C1C5525C50073D354 /* Hw02FileParser.swift */; };
/* End PBXBuildFile section */

/* Begin PBXContainerItemProxy section */
		52F96D0C1C4E062A0073D354 /* PBXContainerItemProxy */ = {
			isa = PBXContainerItemProxy;
			containerPortal = 52F96CEF1C4E062A0073D354 /* Project object */;
			proxyType = 1;
			remoteGlobalIDString = 52F96CF61C4E062A0073D354;
			remoteInfo = hw02;
		};
/* End PBXContainerItemProxy section */

/* Begin PBXFileReference section */
		52F96CF71C4E062A0073D354 /* hw02.app */ = {isa = PBXFileReference; explicitFileType = wrapper.application; includeInIndex = 0; path = hw02.app; sourceTree = BUILT_PRODUCTS_DIR; };
		52F96CFA1C4E062A0073D354 /* AppDelegate.swift */ = {isa = PBXFileReference; lastKnownFileType = sourcecode.swift; path = AppDelegate.swift; sourceTree = "<group>"; };
		52F96CFC1C4E062A0073D354 /* ViewController.swift */ = {isa = PBXFileReference; lastKnownFileType = sourcecode.swift; path = ViewController.swift; sourceTree = "<group>"; };
		52F96CFF1C4E062A0073D354 /* Base */ = {isa = PBXFileReference; lastKnownFileType = file.storyboard; name = Base; path = Base.lproj/Main.storyboard; sourceTree = "<group>"; };
		52F96D011C4E062A0073D354 /* Assets.xcassets */ = {isa = PBXFileReference; lastKnownFileType = folder.assetcatalog; path = Assets.xcassets; sourceTree = "<group>"; };
		52F96D041C4E062A0073D354 /* Base */ = {isa = PBXFileReference; lastKnownFileType = file.storyboard; name = Base; path = Base.lproj/LaunchScreen.storyboard; sourceTree = "<group>"; };
		52F96D061C4E062A0073D354 /* Info.plist */ = {isa = PBXFileReference; lastKnownFileType = text.plist.xml; path = Info.plist; sourceTree = "<group>"; };
		52F96D0B1C4E062A0073D354 /* hw02Tests.xctest */ = {isa = PBXFileReference; explicitFileType = wrapper.cfbundle; includeInIndex = 0; path = hw02Tests.xctest; sourceTree = BUILT_PRODUCTS_DIR; };
		52F96D0F1C4E062A0073D354 /* hw02Tests.swift */ = {isa = PBXFileReference; lastKnownFileType = sourcecode.swift; path = hw02Tests.swift; sourceTree = "<group>"; };
		52F96D111C4E062A0073D354 /* Info.plist */ = {isa = PBXFileReference; lastKnownFileType = text.plist.xml; path = Info.plist; sourceTree = "<group>"; };
		52F96D1A1C508D9C0073D354 /* FileDownloader.swift */ = {isa = PBXFileReference; fileEncoding = 4; lastKnownFileType = sourcecode.swift; path = FileDownloader.swift; sourceTree = "<group>"; };
		52F96D1C1C5525C50073D354 /* Hw02FileParser.swift */ = {isa = PBXFileReference; fileEncoding = 4; lastKnownFileType = sourcecode.swift; path = Hw02FileParser.swift; sourceTree = "<group>"; };
/* End PBXFileReference section */

/* Begin PBXFrameworksBuildPhase section */
		52F96CF41C4E062A0073D354 /* Frameworks */ = {
			isa = PBXFrameworksBuildPhase;
			buildActionMask = 2147483647;
			files = (
			);
			runOnlyForDeploymentPostprocessing = 0;
		};
		52F96D081C4E062A0073D354 /* Frameworks */ = {
			isa = PBXFrameworksBuildPhase;
			buildActionMask = 2147483647;
			files = (
			);
			runOnlyForDeploymentPostprocessing = 0;
		};
/* End PBXFrameworksBuildPhase section */

/* Begin PBXGroup section */
		52F96CEE1C4E062A0073D354 = {
			isa = PBXGroup;
			children = (
				52F96CF91C4E062A0073D354 /* hw02 */,
				52F96D0E1C4E062A0073D354 /* hw02Tests */,
				52F96CF81C4E062A0073D354 /* Products */,
			);
			sourceTree = "<group>";
		};
		52F96CF81C4E062A0073D354 /* Products */ = {
			isa = PBXGroup;
			children = (
				52F96CF71C4E062A0073D354 /* hw02.app */,
				52F96D0B1C4E062A0073D354 /* hw02Tests.xctest */,
			);
			name = Products;
			sourceTree = "<group>";
		};
		52F96CF91C4E062A0073D354 /* hw02 */ = {
			isa = PBXGroup;
			children = (
				52F96CFA1C4E062A0073D354 /* AppDelegate.swift */,
				52F96CFC1C4E062A0073D354 /* ViewController.swift */,
				52F96D1C1C5525C50073D354 /* Hw02FileParser.swift */,
				52F96CFE1C4E062A0073D354 /* Main.storyboard */,
				52F96D1A1C508D9C0073D354 /* FileDownloader.swift */,
				52F96D011C4E062A0073D354 /* Assets.xcassets */,
				52F96D031C4E062A0073D354 /* LaunchScreen.storyboard */,
				52F96D061C4E062A0073D354 /* Info.plist */,
			);
			path = hw02;
			sourceTree = "<group>";
		};
		52F96D0E1C4E062A0073D354 /* hw02Tests */ = {
			isa = PBXGroup;
			children = (
				52F96D0F1C4E062A0073D354 /* hw02Tests.swift */,
				52F96D111C4E062A0073D354 /* Info.plist */,
			);
			path = hw02Tests;
			sourceTree = "<group>";
		};
/* End PBXGroup section */

/* Begin PBXNativeTarget section */
		52F96CF61C4E062A0073D354 /* hw02 */ = {
			isa = PBXNativeTarget;
			buildConfigurationList = 52F96D141C4E062A0073D354 /* Build configuration list for PBXNativeTarget "hw02" */;
			buildPhases = (
				52F96CF31C4E062A0073D354 /* Sources */,
				52F96CF41C4E062A0073D354 /* Frameworks */,
				52F96CF51C4E062A0073D354 /* Resources */,
			);
			buildRules = (
			);
			dependencies = (
			);
			name = hw02;
			productName = hw02;
			productReference = 52F96CF71C4E062A0073D354 /* hw02.app */;
			productType = "com.apple.product-type.application";
		};
		52F96D0A1C4E062A0073D354 /* hw02Tests */ = {
			isa = PBXNativeTarget;
			buildConfigurationList = 52F96D171C4E062A0073D354 /* Build configuration list for PBXNativeTarget "hw02Tests" */;
			buildPhases = (
				52F96D071C4E062A0073D354 /* Sources */,
				52F96D081C4E062A0073D354 /* Frameworks */,
				52F96D091C4E062A0073D354 /* Resources */,
			);
			buildRules = (
			);
			dependencies = (
				52F96D0D1C4E062A0073D354 /* PBXTargetDependency */,
			);
			name = hw02Tests;
			productName = hw02Tests;
			productReference = 52F96D0B1C4E062A0073D354 /* hw02Tests.xctest */;
			productType = "com.apple.product-type.bundle.unit-test";
		};
/* End PBXNativeTarget section */

/* Begin PBXProject section */
		52F96CEF1C4E062A0073D354 /* Project object */ = {
			isa = PBXProject;
			attributes = {
				LastSwiftUpdateCheck = 0720;
				LastUpgradeCheck = 0720;
				ORGANIZATIONNAME = "Jeff Fermon";
				TargetAttributes = {
					52F96CF61C4E062A0073D354 = {
						CreatedOnToolsVersion = 7.2;
						DevelopmentTeam = 3N2TRZ74AF;
					};
					52F96D0A1C4E062A0073D354 = {
						CreatedOnToolsVersion = 7.2;
						DevelopmentTeam = 3N2TRZ74AF;
						TestTargetID = 52F96CF61C4E062A0073D354;
					};
				};
			};
			buildConfigurationList = 52F96CF21C4E062A0073D354 /* Build configuration list for PBXProject "hw02" */;
			compatibilityVersion = "Xcode 3.2";
			developmentRegion = English;
			hasScannedForEncodings = 0;
			knownRegions = (
				en,
				Base,
			);
			mainGroup = 52F96CEE1C4E062A0073D354;
			productRefGroup = 52F96CF81C4E062A0073D354 /* Products */;
			projectDirPath = "";
			projectRoot = "";
			targets = (
				52F96CF61C4E062A0073D354 /* hw02 */,
				52F96D0A1C4E062A0073D354 /* hw02Tests */,
			);
		};
/* End PBXProject section */

/* Begin PBXResourcesBuildPhase section */
		52F96CF51C4E062A0073D354 /* Resources */ = {
			isa = PBXResourcesBuildPhase;
			buildActionMask = 2147483647;
			files = (
				52F96D051C4E062A0073D354 /* LaunchScreen.storyboard in Resources */,
				52F96D021C4E062A0073D354 /* Assets.xcassets in Resources */,
				52F96D001C4E062A0073D354 /* Main.storyboard in Resources */,
			);
			runOnlyForDeploymentPostprocessing = 0;
		};
		52F96D091C4E062A0073D354 /* Resources */ = {
			isa = PBXResourcesBuildPhase;
			buildActionMask = 2147483647;
			files = (
			);
			runOnlyForDeploymentPostprocessing = 0;
		};
/* End PBXResourcesBuildPhase section */

/* Begin PBXSourcesBuildPhase section */
		52F96CF31C4E062A0073D354 /* Sources */ = {
			isa = PBXSourcesBuildPhase;
			buildActionMask = 2147483647;
			files = (
				52F96D1B1C508D9C0073D354 /* FileDownloader.swift in Sources */,
				52F96D1D1C5525C50073D354 /* Hw02FileParser.swift in Sources */,
				52F96CFD1C4E062A0073D354 /* ViewController.swift in Sources */,
				52F96CFB1C4E062A0073D354 /* AppDelegate.swift in Sources */,
			);
			runOnlyForDeploymentPostprocessing = 0;
		};
		52F96D071C4E062A0073D354 /* Sources */ = {
			isa = PBXSourcesBuildPhase;
			buildActionMask = 2147483647;
			files = (
				52F96D101C4E062A0073D354 /* hw02Tests.swift in Sources */,
			);
			runOnlyForDeploymentPostprocessing = 0;
		};
/* End PBXSourcesBuildPhase section */

/* Begin PBXTargetDependency section */
		52F96D0D1C4E062A0073D354 /* PBXTargetDependency */ = {
			isa = PBXTargetDependency;
			target = 52F96CF61C4E062A0073D354 /* hw02 */;
			targetProxy = 52F96D0C1C4E062A0073D354 /* PBXContainerItemProxy */;
		};
/* End PBXTargetDependency section */

/* Begin PBXVariantGroup section */
		52F96CFE1C4E062A0073D354 /* Main.storyboard */ = {
			isa = PBXVariantGroup;
			children = (
				52F96CFF1C4E062A0073D354 /* Base */,
			);
			name = Main.storyboard;
			sourceTree = "<group>";
		};
		52F96D031C4E062A0073D354 /* LaunchScreen.storyboard */ = {
			isa = PBXVariantGroup;
			children = (
				52F96D041C4E062A0073D354 /* Base */,
			);
			name = LaunchScreen.storyboard;
			sourceTree = "<group>";
		};
/* End PBXVariantGroup section */

/* Begin XCBuildConfiguration section */
		52F96D121C4E062A0073D354 /* Debug */ = {
			isa = XCBuildConfiguration;
			buildSettings = {
				ALWAYS_SEARCH_USER_PATHS = NO;
				CLANG_CXX_LANGUAGE_STANDARD = "gnu++0x";
				CLANG_CXX_LIBRARY = "libc++";
				CLANG_ENABLE_MODULES = YES;
				CLANG_ENABLE_OBJC_ARC = YES;
				CLANG_WARN_BOOL_CONVERSION = YES;
				CLANG_WARN_CONSTANT_CONVERSION = YES;
				CLANG_WARN_DIRECT_OBJC_ISA_USAGE = YES_ERROR;
				CLANG_WARN_EMPTY_BODY = YES;
				CLANG_WARN_ENUM_CONVERSION = YES;
				CLANG_WARN_INT_CONVERSION = YES;
				CLANG_WARN_OBJC_ROOT_CLASS = YES_ERROR;
				CLANG_WARN_UNREACHABLE_CODE = YES;
				CLANG_WARN__DUPLICATE_METHOD_MATCH = YES;
				"CODE_SIGN_IDENTITY[sdk=iphoneos*]" = "iPhone Developer";
				COPY_PHASE_STRIP = NO;
				DEBUG_INFORMATION_FORMAT = dwarf;
				ENABLE_STRICT_OBJC_MSGSEND = YES;
				ENABLE_TESTABILITY = YES;
				GCC_C_LANGUAGE_STANDARD = gnu99;
				GCC_DYNAMIC_NO_PIC = NO;
				GCC_NO_COMMON_BLOCKS = YES;
				GCC_OPTIMIZATION_LEVEL = 0;
				GCC_PREPROCESSOR_DEFINITIONS = (
					"DEBUG=1",
					"$(inherited)",
				);
				GCC_WARN_64_TO_32_BIT_CONVERSION = YES;
				GCC_WARN_ABOUT_RETURN_TYPE = YES_ERROR;
				GCC_WARN_UNDECLARED_SELECTOR = YES;
				GCC_WARN_UNINITIALIZED_AUTOS = YES_AGGRESSIVE;
				GCC_WARN_UNUSED_FUNCTION = YES;
				GCC_WARN_UNUSED_VARIABLE = YES;
				IPHONEOS_DEPLOYMENT_TARGET = 9.2;
				MTL_ENABLE_DEBUG_INFO = YES;
				ONLY_ACTIVE_ARCH = YES;
				SDKROOT = iphoneos;
				SWIFT_OPTIMIZATION_LEVEL = "-Onone";
				TARGETED_DEVICE_FAMILY = "1,2";
			};
			name = Debug;
		};
		52F96D131C4E062A0073D354 /* Release */ = {
			isa = XCBuildConfiguration;
			buildSettings = {
				ALWAYS_SEARCH_USER_PATHS = NO;
				CLANG_CXX_LANGUAGE_STANDARD = "gnu++0x";
				CLANG_CXX_LIBRARY = "libc++";
				CLANG_ENABLE_MODULES = YES;
				CLANG_ENABLE_OBJC_ARC = YES;
				CLANG_WARN_BOOL_CONVERSION = YES;
				CLANG_WARN_CONSTANT_CONVERSION = YES;
				CLANG_WARN_DIRECT_OBJC_ISA_USAGE = YES_ERROR;
				CLANG_WARN_EMPTY_BODY = YES;
				CLANG_WARN_ENUM_CONVERSION = YES;
				CLANG_WARN_INT_CONVERSION = YES;
				CLANG_WARN_OBJC_ROOT_CLASS = YES_ERROR;
				CLANG_WARN_UNREACHABLE_CODE = YES;
				CLANG_WARN__DUPLICATE_METHOD_MATCH = YES;
				"CODE_SIGN_IDENTITY[sdk=iphoneos*]" = "iPhone Developer";
				COPY_PHASE_STRIP = NO;
				DEBUG_INFORMATION_FORMAT = "dwarf-with-dsym";
				ENABLE_NS_ASSERTIONS = NO;
				ENABLE_STRICT_OBJC_MSGSEND = YES;
				GCC_C_LANGUAGE_STANDARD = gnu99;
				GCC_NO_COMMON_BLOCKS = YES;
				GCC_WARN_64_TO_32_BIT_CONVERSION = YES;
				GCC_WARN_ABOUT_RETURN_TYPE = YES_ERROR;
				GCC_WARN_UNDECLARED_SELECTOR = YES;
				GCC_WARN_UNINITIALIZED_AUTOS = YES_AGGRESSIVE;
				GCC_WARN_UNUSED_FUNCTION = YES;
				GCC_WARN_UNUSED_VARIABLE = YES;
				IPHONEOS_DEPLOYMENT_TARGET = 9.2;
				MTL_ENABLE_DEBUG_INFO = NO;
				SDKROOT = iphoneos;
				TARGETED_DEVICE_FAMILY = "1,2";
				VALIDATE_PRODUCT = YES;
			};
			name = Release;
		};
		52F96D151C4E062A0073D354 /* Debug */ = {
			isa = XCBuildConfiguration;
			buildSettings = {
				ASSETCATALOG_COMPILER_APPICON_NAME = AppIcon;
				INFOPLIST_FILE = hw02/Info.plist;
				LD_RUNPATH_SEARCH_PATHS = "$(inherited) @executable_path/Frameworks";
				PRODUCT_BUNDLE_IDENTIFIER = com.FermonJeff.hw02;
				PRODUCT_NAME = "$(TARGET_NAME)";
			};
			name = Debug;
		};
		52F96D161C4E062A0073D354 /* Release */ = {
			isa = XCBuildConfiguration;
			buildSettings = {
				ASSETCATALOG_COMPILER_APPICON_NAME = AppIcon;
				INFOPLIST_FILE = hw02/Info.plist;
				LD_RUNPATH_SEARCH_PATHS = "$(inherited) @executable_path/Frameworks";
				PRODUCT_BUNDLE_IDENTIFIER = com.FermonJeff.hw02;
				PRODUCT_NAME = "$(TARGET_NAME)";
			};
			name = Release;
		};
		52F96D181C4E062A0073D354 /* Debug */ = {
			isa = XCBuildConfiguration;
			buildSettings = {
				BUNDLE_LOADER = "$(TEST_HOST)";
				INFOPLIST_FILE = hw02Tests/Info.plist;
				LD_RUNPATH_SEARCH_PATHS = "$(inherited) @executable_path/Frameworks @loader_path/Frameworks";
				PRODUCT_BUNDLE_IDENTIFIER = com.FermonJeff.hw02Tests;
				PRODUCT_NAME = "$(TARGET_NAME)";
				TEST_HOST = "$(BUILT_PRODUCTS_DIR)/hw02.app/hw02";
			};
			name = Debug;
		};
		52F96D191C4E062A0073D354 /* Release */ = {
			isa = XCBuildConfiguration;
			buildSettings = {
				BUNDLE_LOADER = "$(TEST_HOST)";
				INFOPLIST_FILE = hw02Tests/Info.plist;
				LD_RUNPATH_SEARCH_PATHS = "$(inherited) @executable_path/Frameworks @loader_path/Frameworks";
				PRODUCT_BUNDLE_IDENTIFIER = com.FermonJeff.hw02Tests;
				PRODUCT_NAME = "$(TARGET_NAME)";
				TEST_HOST = "$(BUILT_PRODUCTS_DIR)/hw02.app/hw02";
			};
			name = Release;
		};
/* End XCBuildConfiguration section */

/* Begin XCConfigurationList section */
		52F96CF21C4E062A0073D354 /* Build configuration list for PBXProject "hw02" */ = {
			isa = XCConfigurationList;
			buildConfigurations = (
				52F96D121C4E062A0073D354 /* Debug */,
				52F96D131C4E062A0073D354 /* Release */,
			);
			defaultConfigurationIsVisible = 0;
			defaultConfigurationName = Release;
		};
		52F96D141C4E062A0073D354 /* Build configuration list for PBXNativeTarget "hw02" */ = {
			isa = XCConfigurationList;
			buildConfigurations = (
				52F96D151C4E062A0073D354 /* Debug */,
				52F96D161C4E062A0073D354 /* Release */,
			);
			defaultConfigurationIsVisible = 0;
		};
		52F96D171C4E062A0073D354 /* Build configuration list for PBXNativeTarget "hw02Tests" */ = {
			isa = XCConfigurationList;
			buildConfigurations = (
				52F96D181C4E062A0073D354 /* Debug */,
				52F96D191C4E062A0073D354 /* Release */,
			);
			defaultConfigurationIsVisible = 0;
		};
/* End XCConfigurationList section */
	};
	rootObject = 52F96CEF1C4E062A0073D354 /* Project object */;
}
